// !$*UTF8*$!
{
	archiveVersion = 1;
	classes = {
	};
	objectVersion = 56;
	objects = {

/* Begin PBXBuildFile section */
		3C526F732B9D2B2300C53762 /* EcoSolutionsData.json in Resources */ = {isa = PBXBuildFile; fileRef = 3C526F722B9D2B2300C53762 /* EcoSolutionsData.json */; };
		3C526F762B9D2B4100C53762 /* Helpers.swift in Sources */ = {isa = PBXBuildFile; fileRef = 3C526F752B9D2B4100C53762 /* Helpers.swift */; };
		3C526F792B9D2B6F00C53762 /* UserViewModel.swift in Sources */ = {isa = PBXBuildFile; fileRef = 3C526F782B9D2B6F00C53762 /* UserViewModel.swift */; };
		3C526F7B2B9D2B8300C53762 /* User.swift in Sources */ = {isa = PBXBuildFile; fileRef = 3C526F7A2B9D2B8300C53762 /* User.swift */; };
		3C526F7D2B9D309500C53762 /* MapView.swift in Sources */ = {isa = PBXBuildFile; fileRef = 3C526F7C2B9D309500C53762 /* MapView.swift */; };
		3C526F802B9D3C9E00C53762 /* HeaderView.swift in Sources */ = {isa = PBXBuildFile; fileRef = 3C526F7F2B9D3C9E00C53762 /* HeaderView.swift */; };
		3C526F842B9D487200C53762 /* HomeView.swift in Sources */ = {isa = PBXBuildFile; fileRef = 3C526F832B9D487200C53762 /* HomeView.swift */; };
		3C526F8A2B9D4E2900C53762 /* MostAndLeastUsedDevicesComponent.swift in Sources */ = {isa = PBXBuildFile; fileRef = 3C526F892B9D4E2900C53762 /* MostAndLeastUsedDevicesComponent.swift */; };
		3C526F8C2B9D4E4200C53762 /* ApplianceSummaryComponent.swift in Sources */ = {isa = PBXBuildFile; fileRef = 3C526F8B2B9D4E4200C53762 /* ApplianceSummaryComponent.swift */; };
		3C526F8E2B9D5A3800C53762 /* ApplianceRow.swift in Sources */ = {isa = PBXBuildFile; fileRef = 3C526F8D2B9D5A3800C53762 /* ApplianceRow.swift */; };
		3C526F912B9D762900C53762 /* EmissionViewModel.swift in Sources */ = {isa = PBXBuildFile; fileRef = 3C526F902B9D762900C53762 /* EmissionViewModel.swift */; };
		3C526F932B9D767100C53762 /* Emissions.swift in Sources */ = {isa = PBXBuildFile; fileRef = 3C526F922B9D767100C53762 /* Emissions.swift */; };
		3C526F952B9D768700C53762 /* GraphView.swift in Sources */ = {isa = PBXBuildFile; fileRef = 3C526F942B9D768700C53762 /* GraphView.swift */; };
		3C526F972B9D769800C53762 /* SimpleC02EmissionsView.swift in Sources */ = {isa = PBXBuildFile; fileRef = 3C526F962B9D769800C53762 /* SimpleC02EmissionsView.swift */; };
		3C526F992B9D76C200C53762 /* DailyChartView.swift in Sources */ = {isa = PBXBuildFile; fileRef = 3C526F982B9D76C200C53762 /* DailyChartView.swift */; };
		C384967D2B9D297F0046A51B /* EcoSolutionsApp.swift in Sources */ = {isa = PBXBuildFile; fileRef = C384967C2B9D297F0046A51B /* EcoSolutionsApp.swift */; };
		C384967F2B9D297F0046A51B /* ContentView.swift in Sources */ = {isa = PBXBuildFile; fileRef = C384967E2B9D297F0046A51B /* ContentView.swift */; };
		C38496812B9D29800046A51B /* Assets.xcassets in Resources */ = {isa = PBXBuildFile; fileRef = C38496802B9D29800046A51B /* Assets.xcassets */; };
		C38496842B9D29800046A51B /* Preview Assets.xcassets in Resources */ = {isa = PBXBuildFile; fileRef = C38496832B9D29800046A51B /* Preview Assets.xcassets */; };
		C3C8C9342B9D9AC90041BD6C /* CarComponent.swift in Sources */ = {isa = PBXBuildFile; fileRef = C3C8C9332B9D9AC90041BD6C /* CarComponent.swift */; };
		C3C8C9362B9D9EAB0041BD6C /* CarView.swift in Sources */ = {isa = PBXBuildFile; fileRef = C3C8C9352B9D9EAB0041BD6C /* CarView.swift */; };
		C3C8C9382B9DAA440041BD6C /* SingleCarComponent.swift in Sources */ = {isa = PBXBuildFile; fileRef = C3C8C9372B9DAA440041BD6C /* SingleCarComponent.swift */; };
		C3C8C93A2B9DAD9E0041BD6C /* TripRegisterComponent.swift in Sources */ = {isa = PBXBuildFile; fileRef = C3C8C9392B9DAD9E0041BD6C /* TripRegisterComponent.swift */; };
/* End PBXBuildFile section */

/* Begin PBXFileReference section */
		3C526F722B9D2B2300C53762 /* EcoSolutionsData.json */ = {isa = PBXFileReference; fileEncoding = 4; lastKnownFileType = text.json; path = EcoSolutionsData.json; sourceTree = "<group>"; };
		3C526F752B9D2B4100C53762 /* Helpers.swift */ = {isa = PBXFileReference; fileEncoding = 4; lastKnownFileType = sourcecode.swift; path = Helpers.swift; sourceTree = "<group>"; };
		3C526F782B9D2B6F00C53762 /* UserViewModel.swift */ = {isa = PBXFileReference; fileEncoding = 4; lastKnownFileType = sourcecode.swift; path = UserViewModel.swift; sourceTree = "<group>"; };
		3C526F7A2B9D2B8300C53762 /* User.swift */ = {isa = PBXFileReference; fileEncoding = 4; lastKnownFileType = sourcecode.swift; path = User.swift; sourceTree = "<group>"; };
		3C526F7C2B9D309500C53762 /* MapView.swift */ = {isa = PBXFileReference; lastKnownFileType = sourcecode.swift; path = MapView.swift; sourceTree = "<group>"; };
		3C526F7F2B9D3C9E00C53762 /* HeaderView.swift */ = {isa = PBXFileReference; lastKnownFileType = sourcecode.swift; path = HeaderView.swift; sourceTree = "<group>"; };
		3C526F832B9D487200C53762 /* HomeView.swift */ = {isa = PBXFileReference; lastKnownFileType = sourcecode.swift; path = HomeView.swift; sourceTree = "<group>"; };
		3C526F892B9D4E2900C53762 /* MostAndLeastUsedDevicesComponent.swift */ = {isa = PBXFileReference; lastKnownFileType = sourcecode.swift; path = MostAndLeastUsedDevicesComponent.swift; sourceTree = "<group>"; };
		3C526F8B2B9D4E4200C53762 /* ApplianceSummaryComponent.swift */ = {isa = PBXFileReference; lastKnownFileType = sourcecode.swift; path = ApplianceSummaryComponent.swift; sourceTree = "<group>"; };
		3C526F8D2B9D5A3800C53762 /* ApplianceRow.swift */ = {isa = PBXFileReference; lastKnownFileType = sourcecode.swift; path = ApplianceRow.swift; sourceTree = "<group>"; };
		3C526F902B9D762900C53762 /* EmissionViewModel.swift */ = {isa = PBXFileReference; fileEncoding = 4; lastKnownFileType = sourcecode.swift; path = EmissionViewModel.swift; sourceTree = "<group>"; };
		3C526F922B9D767100C53762 /* Emissions.swift */ = {isa = PBXFileReference; fileEncoding = 4; lastKnownFileType = sourcecode.swift; path = Emissions.swift; sourceTree = "<group>"; };
		3C526F942B9D768700C53762 /* GraphView.swift */ = {isa = PBXFileReference; fileEncoding = 4; lastKnownFileType = sourcecode.swift; path = GraphView.swift; sourceTree = "<group>"; };
		3C526F962B9D769800C53762 /* SimpleC02EmissionsView.swift */ = {isa = PBXFileReference; fileEncoding = 4; lastKnownFileType = sourcecode.swift; path = SimpleC02EmissionsView.swift; sourceTree = "<group>"; };
		3C526F982B9D76C200C53762 /* DailyChartView.swift */ = {isa = PBXFileReference; fileEncoding = 4; lastKnownFileType = sourcecode.swift; path = DailyChartView.swift; sourceTree = "<group>"; };
		C38496792B9D297F0046A51B /* EcoSolutions.app */ = {isa = PBXFileReference; explicitFileType = wrapper.application; includeInIndex = 0; path = EcoSolutions.app; sourceTree = BUILT_PRODUCTS_DIR; };
		C384967C2B9D297F0046A51B /* EcoSolutionsApp.swift */ = {isa = PBXFileReference; lastKnownFileType = sourcecode.swift; path = EcoSolutionsApp.swift; sourceTree = "<group>"; };
		C384967E2B9D297F0046A51B /* ContentView.swift */ = {isa = PBXFileReference; lastKnownFileType = sourcecode.swift; path = ContentView.swift; sourceTree = "<group>"; };
		C38496802B9D29800046A51B /* Assets.xcassets */ = {isa = PBXFileReference; lastKnownFileType = folder.assetcatalog; path = Assets.xcassets; sourceTree = "<group>"; };
		C38496832B9D29800046A51B /* Preview Assets.xcassets */ = {isa = PBXFileReference; lastKnownFileType = folder.assetcatalog; path = "Preview Assets.xcassets"; sourceTree = "<group>"; };
		C3C8C9332B9D9AC90041BD6C /* CarComponent.swift */ = {isa = PBXFileReference; lastKnownFileType = sourcecode.swift; path = CarComponent.swift; sourceTree = "<group>"; };
		C3C8C9352B9D9EAB0041BD6C /* CarView.swift */ = {isa = PBXFileReference; lastKnownFileType = sourcecode.swift; path = CarView.swift; sourceTree = "<group>"; };
		C3C8C9372B9DAA440041BD6C /* SingleCarComponent.swift */ = {isa = PBXFileReference; lastKnownFileType = sourcecode.swift; path = SingleCarComponent.swift; sourceTree = "<group>"; };
		C3C8C9392B9DAD9E0041BD6C /* TripRegisterComponent.swift */ = {isa = PBXFileReference; lastKnownFileType = sourcecode.swift; path = TripRegisterComponent.swift; sourceTree = "<group>"; };
/* End PBXFileReference section */

/* Begin PBXFrameworksBuildPhase section */
		C38496762B9D297F0046A51B /* Frameworks */ = {
			isa = PBXFrameworksBuildPhase;
			buildActionMask = 2147483647;
			files = (
			);
			runOnlyForDeploymentPostprocessing = 0;
		};
/* End PBXFrameworksBuildPhase section */

/* Begin PBXGroup section */
		3C526F702B9D2AFF00C53762 /* Foundation  */ = {
			isa = PBXGroup;
			children = (
				3C526F772B9D2B4B00C53762 /* View Models */,
				3C526F742B9D2B2E00C53762 /* Helpers */,
				3C526F712B9D2B0600C53762 /* Data */,
			);
			path = "Foundation ";
			sourceTree = "<group>";
		};
		3C526F712B9D2B0600C53762 /* Data */ = {
			isa = PBXGroup;
			children = (
				3C526F922B9D767100C53762 /* Emissions.swift */,
				3C526F7A2B9D2B8300C53762 /* User.swift */,
				3C526F722B9D2B2300C53762 /* EcoSolutionsData.json */,
			);
			path = Data;
			sourceTree = "<group>";
		};
		3C526F742B9D2B2E00C53762 /* Helpers */ = {
			isa = PBXGroup;
			children = (
				3C526F752B9D2B4100C53762 /* Helpers.swift */,
			);
			path = Helpers;
			sourceTree = "<group>";
		};
		3C526F772B9D2B4B00C53762 /* View Models */ = {
			isa = PBXGroup;
			children = (
				3C526F902B9D762900C53762 /* EmissionViewModel.swift */,
				3C526F782B9D2B6F00C53762 /* UserViewModel.swift */,
			);
			path = "View Models";
			sourceTree = "<group>";
		};
		3C526F7E2B9D339300C53762 /* Views */ = {
			isa = PBXGroup;
			children = (
				3C526F862B9D4D7000C53762 /* Components */,
				3C526F7C2B9D309500C53762 /* MapView.swift */,
				3C526F9A2B9D76D600C53762 /* Graphs */,
				3C526F7F2B9D3C9E00C53762 /* HeaderView.swift */,
				3C526F832B9D487200C53762 /* HomeView.swift */,
				C3C8C9352B9D9EAB0041BD6C /* CarView.swift */,
			);
			path = Views;
			sourceTree = "<group>";
		};
		3C526F862B9D4D7000C53762 /* Components */ = {
			isa = PBXGroup;
			children = (
				3C526F8F2B9D5A4700C53762 /* Home View Components */,
			);
			path = Components;
			sourceTree = "<group>";
		};
		3C526F8F2B9D5A4700C53762 /* Home View Components */ = {
			isa = PBXGroup;
			children = (
				3C526F892B9D4E2900C53762 /* MostAndLeastUsedDevicesComponent.swift */,
				3C526F8B2B9D4E4200C53762 /* ApplianceSummaryComponent.swift */,
				3C526F8D2B9D5A3800C53762 /* ApplianceRow.swift */,
				C3C8C9332B9D9AC90041BD6C /* CarComponent.swift */,
				C3C8C9372B9DAA440041BD6C /* SingleCarComponent.swift */,
				C3C8C9392B9DAD9E0041BD6C /* TripRegisterComponent.swift */,
			);
			path = "Home View Components";
			sourceTree = "<group>";
		};
		3C526F9A2B9D76D600C53762 /* Graphs */ = {
			isa = PBXGroup;
			children = (
				3C526F942B9D768700C53762 /* GraphView.swift */,
				3C526F982B9D76C200C53762 /* DailyChartView.swift */,
				3C526F962B9D769800C53762 /* SimpleC02EmissionsView.swift */,
			);
			path = Graphs;
			sourceTree = "<group>";
		};
		C38496702B9D297F0046A51B = {
			isa = PBXGroup;
			children = (
				C384967B2B9D297F0046A51B /* EcoSolutions */,
				C384967A2B9D297F0046A51B /* Products */,
			);
			sourceTree = "<group>";
		};
		C384967A2B9D297F0046A51B /* Products */ = {
			isa = PBXGroup;
			children = (
				C38496792B9D297F0046A51B /* EcoSolutions.app */,
			);
			name = Products;
			sourceTree = "<group>";
		};
		C384967B2B9D297F0046A51B /* EcoSolutions */ = {
			isa = PBXGroup;
			children = (
				3C526F7E2B9D339300C53762 /* Views */,
				3C526F702B9D2AFF00C53762 /* Foundation  */,
				C384967C2B9D297F0046A51B /* EcoSolutionsApp.swift */,
				C384967E2B9D297F0046A51B /* ContentView.swift */,
				C38496802B9D29800046A51B /* Assets.xcassets */,
				C38496822B9D29800046A51B /* Preview Content */,
			);
			path = EcoSolutions;
			sourceTree = "<group>";
		};
		C38496822B9D29800046A51B /* Preview Content */ = {
			isa = PBXGroup;
			children = (
				C38496832B9D29800046A51B /* Preview Assets.xcassets */,
			);
			path = "Preview Content";
			sourceTree = "<group>";
		};
/* End PBXGroup section */

/* Begin PBXNativeTarget section */
		C38496782B9D297F0046A51B /* EcoSolutions */ = {
			isa = PBXNativeTarget;
			buildConfigurationList = C38496872B9D29800046A51B /* Build configuration list for PBXNativeTarget "EcoSolutions" */;
			buildPhases = (
				C38496752B9D297F0046A51B /* Sources */,
				C38496762B9D297F0046A51B /* Frameworks */,
				C38496772B9D297F0046A51B /* Resources */,
			);
			buildRules = (
			);
			dependencies = (
			);
			name = EcoSolutions;
			productName = EcoSolutions;
			productReference = C38496792B9D297F0046A51B /* EcoSolutions.app */;
			productType = "com.apple.product-type.application";
		};
/* End PBXNativeTarget section */

/* Begin PBXProject section */
		C38496712B9D297F0046A51B /* Project object */ = {
			isa = PBXProject;
			attributes = {
				BuildIndependentTargetsInParallel = 1;
				LastSwiftUpdateCheck = 1530;
				LastUpgradeCheck = 1530;
				TargetAttributes = {
					C38496782B9D297F0046A51B = {
						CreatedOnToolsVersion = 15.3;
					};
				};
			};
			buildConfigurationList = C38496742B9D297F0046A51B /* Build configuration list for PBXProject "EcoSolutions" */;
			compatibilityVersion = "Xcode 14.0";
			developmentRegion = en;
			hasScannedForEncodings = 0;
			knownRegions = (
				en,
				Base,
			);
			mainGroup = C38496702B9D297F0046A51B;
			productRefGroup = C384967A2B9D297F0046A51B /* Products */;
			projectDirPath = "";
			projectRoot = "";
			targets = (
				C38496782B9D297F0046A51B /* EcoSolutions */,
			);
		};
/* End PBXProject section */

/* Begin PBXResourcesBuildPhase section */
		C38496772B9D297F0046A51B /* Resources */ = {
			isa = PBXResourcesBuildPhase;
			buildActionMask = 2147483647;
			files = (
				C38496842B9D29800046A51B /* Preview Assets.xcassets in Resources */,
				C38496812B9D29800046A51B /* Assets.xcassets in Resources */,
				3C526F732B9D2B2300C53762 /* EcoSolutionsData.json in Resources */,
			);
			runOnlyForDeploymentPostprocessing = 0;
		};
/* End PBXResourcesBuildPhase section */

/* Begin PBXSourcesBuildPhase section */
		C38496752B9D297F0046A51B /* Sources */ = {
			isa = PBXSourcesBuildPhase;
			buildActionMask = 2147483647;
			files = (
				C3C8C9342B9D9AC90041BD6C /* CarComponent.swift in Sources */,
				3C526F8C2B9D4E4200C53762 /* ApplianceSummaryComponent.swift in Sources */,
				C384967F2B9D297F0046A51B /* ContentView.swift in Sources */,
				3C526F8E2B9D5A3800C53762 /* ApplianceRow.swift in Sources */,
				3C526F7D2B9D309500C53762 /* MapView.swift in Sources */,
				3C526F792B9D2B6F00C53762 /* UserViewModel.swift in Sources */,
				3C526F932B9D767100C53762 /* Emissions.swift in Sources */,
				3C526F972B9D769800C53762 /* SimpleC02EmissionsView.swift in Sources */,
				3C526F762B9D2B4100C53762 /* Helpers.swift in Sources */,
				3C526F7B2B9D2B8300C53762 /* User.swift in Sources */,
				3C526F842B9D487200C53762 /* HomeView.swift in Sources */,
				3C526F952B9D768700C53762 /* GraphView.swift in Sources */,
				C384967D2B9D297F0046A51B /* EcoSolutionsApp.swift in Sources */,
				C3C8C93A2B9DAD9E0041BD6C /* TripRegisterComponent.swift in Sources */,
				3C526F912B9D762900C53762 /* EmissionViewModel.swift in Sources */,
				3C526F802B9D3C9E00C53762 /* HeaderView.swift in Sources */,
				C3C8C9382B9DAA440041BD6C /* SingleCarComponent.swift in Sources */,
				3C526F8A2B9D4E2900C53762 /* MostAndLeastUsedDevicesComponent.swift in Sources */,
				3C526F992B9D76C200C53762 /* DailyChartView.swift in Sources */,
				C3C8C9362B9D9EAB0041BD6C /* CarView.swift in Sources */,
			);
			runOnlyForDeploymentPostprocessing = 0;
		};
/* End PBXSourcesBuildPhase section */

/* Begin XCBuildConfiguration section */
		C38496852B9D29800046A51B /* Debug */ = {
			isa = XCBuildConfiguration;
			buildSettings = {
				ALWAYS_SEARCH_USER_PATHS = NO;
				ASSETCATALOG_COMPILER_GENERATE_SWIFT_ASSET_SYMBOL_EXTENSIONS = YES;
				CLANG_ANALYZER_NONNULL = YES;
				CLANG_ANALYZER_NUMBER_OBJECT_CONVERSION = YES_AGGRESSIVE;
				CLANG_CXX_LANGUAGE_STANDARD = "gnu++20";
				CLANG_ENABLE_MODULES = YES;
				CLANG_ENABLE_OBJC_ARC = YES;
				CLANG_ENABLE_OBJC_WEAK = YES;
				CLANG_WARN_BLOCK_CAPTURE_AUTORELEASING = YES;
				CLANG_WARN_BOOL_CONVERSION = YES;
				CLANG_WARN_COMMA = YES;
				CLANG_WARN_CONSTANT_CONVERSION = YES;
				CLANG_WARN_DEPRECATED_OBJC_IMPLEMENTATIONS = YES;
				CLANG_WARN_DIRECT_OBJC_ISA_USAGE = YES_ERROR;
				CLANG_WARN_DOCUMENTATION_COMMENTS = YES;
				CLANG_WARN_EMPTY_BODY = YES;
				CLANG_WARN_ENUM_CONVERSION = YES;
				CLANG_WARN_INFINITE_RECURSION = YES;
				CLANG_WARN_INT_CONVERSION = YES;
				CLANG_WARN_NON_LITERAL_NULL_CONVERSION = YES;
				CLANG_WARN_OBJC_IMPLICIT_RETAIN_SELF = YES;
				CLANG_WARN_OBJC_LITERAL_CONVERSION = YES;
				CLANG_WARN_OBJC_ROOT_CLASS = YES_ERROR;
				CLANG_WARN_QUOTED_INCLUDE_IN_FRAMEWORK_HEADER = YES;
				CLANG_WARN_RANGE_LOOP_ANALYSIS = YES;
				CLANG_WARN_STRICT_PROTOTYPES = YES;
				CLANG_WARN_SUSPICIOUS_MOVE = YES;
				CLANG_WARN_UNGUARDED_AVAILABILITY = YES_AGGRESSIVE;
				CLANG_WARN_UNREACHABLE_CODE = YES;
				CLANG_WARN__DUPLICATE_METHOD_MATCH = YES;
				COPY_PHASE_STRIP = NO;
				DEBUG_INFORMATION_FORMAT = dwarf;
				ENABLE_STRICT_OBJC_MSGSEND = YES;
				ENABLE_TESTABILITY = YES;
				ENABLE_USER_SCRIPT_SANDBOXING = YES;
				GCC_C_LANGUAGE_STANDARD = gnu17;
				GCC_DYNAMIC_NO_PIC = NO;
				GCC_NO_COMMON_BLOCKS = YES;
				GCC_OPTIMIZATION_LEVEL = 0;
				GCC_PREPROCESSOR_DEFINITIONS = (
					"DEBUG=1",
					"$(inherited)",
				);
				GCC_WARN_64_TO_32_BIT_CONVERSION = YES;
				GCC_WARN_ABOUT_RETURN_TYPE = YES_ERROR;
				GCC_WARN_UNDECLARED_SELECTOR = YES;
				GCC_WARN_UNINITIALIZED_AUTOS = YES_AGGRESSIVE;
				GCC_WARN_UNUSED_FUNCTION = YES;
				GCC_WARN_UNUSED_VARIABLE = YES;
				IPHONEOS_DEPLOYMENT_TARGET = 17.4;
				LOCALIZATION_PREFERS_STRING_CATALOGS = YES;
				MTL_ENABLE_DEBUG_INFO = INCLUDE_SOURCE;
				MTL_FAST_MATH = YES;
				ONLY_ACTIVE_ARCH = YES;
				SDKROOT = iphoneos;
				SWIFT_ACTIVE_COMPILATION_CONDITIONS = "DEBUG $(inherited)";
				SWIFT_OPTIMIZATION_LEVEL = "-Onone";
			};
			name = Debug;
		};
		C38496862B9D29800046A51B /* Release */ = {
			isa = XCBuildConfiguration;
			buildSettings = {
				ALWAYS_SEARCH_USER_PATHS = NO;
				ASSETCATALOG_COMPILER_GENERATE_SWIFT_ASSET_SYMBOL_EXTENSIONS = YES;
				CLANG_ANALYZER_NONNULL = YES;
				CLANG_ANALYZER_NUMBER_OBJECT_CONVERSION = YES_AGGRESSIVE;
				CLANG_CXX_LANGUAGE_STANDARD = "gnu++20";
				CLANG_ENABLE_MODULES = YES;
				CLANG_ENABLE_OBJC_ARC = YES;
				CLANG_ENABLE_OBJC_WEAK = YES;
				CLANG_WARN_BLOCK_CAPTURE_AUTORELEASING = YES;
				CLANG_WARN_BOOL_CONVERSION = YES;
				CLANG_WARN_COMMA = YES;
				CLANG_WARN_CONSTANT_CONVERSION = YES;
				CLANG_WARN_DEPRECATED_OBJC_IMPLEMENTATIONS = YES;
				CLANG_WARN_DIRECT_OBJC_ISA_USAGE = YES_ERROR;
				CLANG_WARN_DOCUMENTATION_COMMENTS = YES;
				CLANG_WARN_EMPTY_BODY = YES;
				CLANG_WARN_ENUM_CONVERSION = YES;
				CLANG_WARN_INFINITE_RECURSION = YES;
				CLANG_WARN_INT_CONVERSION = YES;
				CLANG_WARN_NON_LITERAL_NULL_CONVERSION = YES;
				CLANG_WARN_OBJC_IMPLICIT_RETAIN_SELF = YES;
				CLANG_WARN_OBJC_LITERAL_CONVERSION = YES;
				CLANG_WARN_OBJC_ROOT_CLASS = YES_ERROR;
				CLANG_WARN_QUOTED_INCLUDE_IN_FRAMEWORK_HEADER = YES;
				CLANG_WARN_RANGE_LOOP_ANALYSIS = YES;
				CLANG_WARN_STRICT_PROTOTYPES = YES;
				CLANG_WARN_SUSPICIOUS_MOVE = YES;
				CLANG_WARN_UNGUARDED_AVAILABILITY = YES_AGGRESSIVE;
				CLANG_WARN_UNREACHABLE_CODE = YES;
				CLANG_WARN__DUPLICATE_METHOD_MATCH = YES;
				COPY_PHASE_STRIP = NO;
				DEBUG_INFORMATION_FORMAT = "dwarf-with-dsym";
				ENABLE_NS_ASSERTIONS = NO;
				ENABLE_STRICT_OBJC_MSGSEND = YES;
				ENABLE_USER_SCRIPT_SANDBOXING = YES;
				GCC_C_LANGUAGE_STANDARD = gnu17;
				GCC_NO_COMMON_BLOCKS = YES;
				GCC_WARN_64_TO_32_BIT_CONVERSION = YES;
				GCC_WARN_ABOUT_RETURN_TYPE = YES_ERROR;
				GCC_WARN_UNDECLARED_SELECTOR = YES;
				GCC_WARN_UNINITIALIZED_AUTOS = YES_AGGRESSIVE;
				GCC_WARN_UNUSED_FUNCTION = YES;
				GCC_WARN_UNUSED_VARIABLE = YES;
				IPHONEOS_DEPLOYMENT_TARGET = 17.4;
				LOCALIZATION_PREFERS_STRING_CATALOGS = YES;
				MTL_ENABLE_DEBUG_INFO = NO;
				MTL_FAST_MATH = YES;
				SDKROOT = iphoneos;
				SWIFT_COMPILATION_MODE = wholemodule;
				VALIDATE_PRODUCT = YES;
			};
			name = Release;
		};
		C38496882B9D29800046A51B /* Debug */ = {
			isa = XCBuildConfiguration;
			buildSettings = {
				ASSETCATALOG_COMPILER_APPICON_NAME = AppIcon;
				ASSETCATALOG_COMPILER_GLOBAL_ACCENT_COLOR_NAME = AccentColor;
				CODE_SIGN_STYLE = Automatic;
				CURRENT_PROJECT_VERSION = 1;
				DEVELOPMENT_ASSET_PATHS = "\"EcoSolutions/Preview Content\"";
				ENABLE_PREVIEWS = YES;
				GENERATE_INFOPLIST_FILE = YES;
				INFOPLIST_KEY_UIApplicationSceneManifest_Generation = YES;
				INFOPLIST_KEY_UIApplicationSupportsIndirectInputEvents = YES;
				INFOPLIST_KEY_UILaunchScreen_Generation = YES;
				INFOPLIST_KEY_UISupportedInterfaceOrientations_iPad = "UIInterfaceOrientationPortrait UIInterfaceOrientationPortraitUpsideDown UIInterfaceOrientationLandscapeLeft UIInterfaceOrientationLandscapeRight";
				INFOPLIST_KEY_UISupportedInterfaceOrientations_iPhone = "UIInterfaceOrientationPortrait UIInterfaceOrientationLandscapeLeft UIInterfaceOrientationLandscapeRight";
				IPHONEOS_DEPLOYMENT_TARGET = 17.2;
				LD_RUNPATH_SEARCH_PATHS = (
					"$(inherited)",
					"@executable_path/Frameworks",
				);
				MARKETING_VERSION = 1.0;
				PRODUCT_BUNDLE_IDENTIFIER = com.ecosolutions.EcoSolutions;
				PRODUCT_NAME = "$(TARGET_NAME)";
				SWIFT_EMIT_LOC_STRINGS = YES;
				SWIFT_VERSION = 5.0;
				TARGETED_DEVICE_FAMILY = 1;
			};
			name = Debug;
		};
		C38496892B9D29800046A51B /* Release */ = {
			isa = XCBuildConfiguration;
			buildSettings = {
				ASSETCATALOG_COMPILER_APPICON_NAME = AppIcon;
				ASSETCATALOG_COMPILER_GLOBAL_ACCENT_COLOR_NAME = AccentColor;
				CODE_SIGN_STYLE = Automatic;
				CURRENT_PROJECT_VERSION = 1;
				DEVELOPMENT_ASSET_PATHS = "\"EcoSolutions/Preview Content\"";
				ENABLE_PREVIEWS = YES;
				GENERATE_INFOPLIST_FILE = YES;
				INFOPLIST_KEY_UIApplicationSceneManifest_Generation = YES;
				INFOPLIST_KEY_UIApplicationSupportsIndirectInputEvents = YES;
				INFOPLIST_KEY_UILaunchScreen_Generation = YES;
				INFOPLIST_KEY_UISupportedInterfaceOrientations_iPad = "UIInterfaceOrientationPortrait UIInterfaceOrientationPortraitUpsideDown UIInterfaceOrientationLandscapeLeft UIInterfaceOrientationLandscapeRight";
				INFOPLIST_KEY_UISupportedInterfaceOrientations_iPhone = "UIInterfaceOrientationPortrait UIInterfaceOrientationLandscapeLeft UIInterfaceOrientationLandscapeRight";
				IPHONEOS_DEPLOYMENT_TARGET = 17.2;
				LD_RUNPATH_SEARCH_PATHS = (
					"$(inherited)",
					"@executable_path/Frameworks",
				);
				MARKETING_VERSION = 1.0;
				PRODUCT_BUNDLE_IDENTIFIER = com.ecosolutions.EcoSolutions;
				PRODUCT_NAME = "$(TARGET_NAME)";
				SWIFT_EMIT_LOC_STRINGS = YES;
				SWIFT_VERSION = 5.0;
				TARGETED_DEVICE_FAMILY = 1;
			};
			name = Release;
		};
/* End XCBuildConfiguration section */

/* Begin XCConfigurationList section */
		C38496742B9D297F0046A51B /* Build configuration list for PBXProject "EcoSolutions" */ = {
			isa = XCConfigurationList;
			buildConfigurations = (
				C38496852B9D29800046A51B /* Debug */,
				C38496862B9D29800046A51B /* Release */,
			);
			defaultConfigurationIsVisible = 0;
			defaultConfigurationName = Release;
		};
		C38496872B9D29800046A51B /* Build configuration list for PBXNativeTarget "EcoSolutions" */ = {
			isa = XCConfigurationList;
			buildConfigurations = (
				C38496882B9D29800046A51B /* Debug */,
				C38496892B9D29800046A51B /* Release */,
			);
			defaultConfigurationIsVisible = 0;
			defaultConfigurationName = Release;
		};
/* End XCConfigurationList section */
	};
	rootObject = C38496712B9D297F0046A51B /* Project object */;
}
